
Microsoft Visual Studio Solution File, Format Version 12.00
# Visual Studio 15
VisualStudioVersion = 15.0.26730.15
MinimumVisualStudioVersion = 10.0.40219.1
Project("{FAE04EC0-301F-11D3-BF4B-00C04F79EFBC}") = "Expansion", "Expansion\Expansion.csproj", "{C61E6C6D-0806-4AB8-B5E0-16A6BB041B92}"
EndProject
Global
	GlobalSection(SolutionConfigurationPlatforms) = preSolution
		Debug|Any CPU = Debug|Any CPU
		Release|Any CPU = Release|Any CPU
	EndGlobalSection
	GlobalSection(ProjectConfigurationPlatforms) = postSolution
		{C61E6C6D-0806-4AB8-B5E0-16A6BB041B92}.Debug|Any CPU.ActiveCfg = Debug|Any CPU
		{C61E6C6D-0806-4AB8-B5E0-16A6BB041B92}.Debug|Any CPU.Build.0 = Debug|Any CPU
		{C61E6C6D-0806-4AB8-B5E0-16A6BB041B92}.Release|Any CPU.ActiveCfg = Release|Any CPU
		{C61E6C6D-0806-4AB8-B5E0-16A6BB041B92}.Release|Any CPU.Build.0 = Release|Any CPU
	EndGlobalSection
	GlobalSection(SolutionProperties) = preSolution
		HideSolutionNode = FALSE
	EndGlobalSection
	GlobalSection(ExtensibilityGlobals) = postSolution
		SolutionGuid = {0435AEB3-733F-43EC-9955-EAF54302DACF}
	EndGlobalSection
EndGlobal
